
Microsoft Visual Studio Solution File, Format Version 12.00
# Visual Studio 15
VisualStudioVersion = 15.0.28307.902
MinimumVisualStudioVersion = 10.0.40219.1
Project("{FAE04EC0-301F-11D3-BF4B-00C04F79EFBC}") = "WebApiDeneme", "WebApiDeneme\WebApiDeneme.csproj", "{ACE7F062-0CC3-4F4F-A2AC-01E4AB74FFC1}"
EndProject
Global
	GlobalSection(SolutionConfigurationPlatforms) = preSolution
		Debug|Any CPU = Debug|Any CPU
		Release|Any CPU = Release|Any CPU
	EndGlobalSection
	GlobalSection(ProjectConfigurationPlatforms) = postSolution
		{ACE7F062-0CC3-4F4F-A2AC-01E4AB74FFC1}.Debug|Any CPU.ActiveCfg = Debug|Any CPU
		{ACE7F062-0CC3-4F4F-A2AC-01E4AB74FFC1}.Debug|Any CPU.Build.0 = Debug|Any CPU
		{ACE7F062-0CC3-4F4F-A2AC-01E4AB74FFC1}.Release|Any CPU.ActiveCfg = Release|Any CPU
		{ACE7F062-0CC3-4F4F-A2AC-01E4AB74FFC1}.Release|Any CPU.Build.0 = Release|Any CPU
	EndGlobalSection
	GlobalSection(SolutionProperties) = preSolution
		HideSolutionNode = FALSE
	EndGlobalSection
	GlobalSection(ExtensibilityGlobals) = postSolution
		SolutionGuid = {4F429474-CC81-4F34-959F-BE9EB261D772}
	EndGlobalSection
EndGlobal
